
Microsoft Visual Studio Solution File, Format Version 12.00
Project("{FAE04EC0-301F-11D3-BF4B-00C04F79EFBC}") = "YASP.Models", "YASP.Models\YASP.Models.csproj", "{42F19127-AE21-442C-8ECE-57EA2D0840A0}"
EndProject
Project("{FAE04EC0-301F-11D3-BF4B-00C04F79EFBC}") = "YASP.UserInterface", "YASP.UserInterface\YASP.UserInterface.csproj", "{99CFCC04-E078-4E8E-BA68-0A8A60677661}"
EndProject
Project("{FAE04EC0-301F-11D3-BF4B-00C04F79EFBC}") = "YASP.Services", "YASP.Services\YASP.Services.csproj", "{613F12E4-5492-499F-955A-E61801237349}"
EndProject
Project("{FAE04EC0-301F-11D3-BF4B-00C04F79EFBC}") = "YASP.Plugin", "YASP.Plugin\YASP.Plugin.csproj", "{92380CDF-883F-4E69-BDFD-C33208F4876A}"
EndProject
Project("{FAE04EC0-301F-11D3-BF4B-00C04F79EFBC}") = "YASP.Services.Test", "YASP.Services.Test\YASP.Services.Test.csproj", "{C627DB46-7DB9-42D5-A74E-D0D44C2E1A47}"
EndProject
Global
	GlobalSection(SolutionConfigurationPlatforms) = preSolution
		Release|Any CPU = Release|Any CPU
		Debug|Any CPU = Debug|Any CPU
	EndGlobalSection
	GlobalSection(ProjectConfigurationPlatforms) = postSolution
		{1D44D3E4-9F4C-4475-9368-6D9F10821CB5}.Release|Any CPU.ActiveCfg = Release|x64
		{1D44D3E4-9F4C-4475-9368-6D9F10821CB5}.Release|Any CPU.Build.0 = Release|x64
		{1D44D3E4-9F4C-4475-9368-6D9F10821CB5}.Debug|Any CPU.ActiveCfg = Debug|x64
		{1D44D3E4-9F4C-4475-9368-6D9F10821CB5}.Debug|Any CPU.Build.0 = Debug|x64
		{4F791BAF-6781-4D07-AC24-5BA1038B1050}.Release|Any CPU.ActiveCfg = Release|x64
		{4F791BAF-6781-4D07-AC24-5BA1038B1050}.Release|Any CPU.Build.0 = Release|x64
		{4F791BAF-6781-4D07-AC24-5BA1038B1050}.Debug|Any CPU.ActiveCfg = Debug|x64
		{4F791BAF-6781-4D07-AC24-5BA1038B1050}.Debug|Any CPU.Build.0 = Debug|x64
		{B5F541D5-229B-4799-8897-CBF2383DFC9A}.Release|Any CPU.ActiveCfg = Release|x64
		{B5F541D5-229B-4799-8897-CBF2383DFC9A}.Release|Any CPU.Build.0 = Release|x64
		{B5F541D5-229B-4799-8897-CBF2383DFC9A}.Debug|Any CPU.ActiveCfg = Debug|x64
		{B5F541D5-229B-4799-8897-CBF2383DFC9A}.Debug|Any CPU.Build.0 = Debug|x64
		{DFC884C7-5BBE-4B99-BD86-44648600A8B6}.Release|Any CPU.ActiveCfg = Release|x64
		{DFC884C7-5BBE-4B99-BD86-44648600A8B6}.Release|Any CPU.Build.0 = Release|x64
		{DFC884C7-5BBE-4B99-BD86-44648600A8B6}.Debug|Any CPU.ActiveCfg = Debug|x64
		{DFC884C7-5BBE-4B99-BD86-44648600A8B6}.Debug|Any CPU.Build.0 = Debug|x64
		{872E237A-FC20-4396-8CEE-89A783F12FCE}.Release|Any CPU.ActiveCfg = Release|x64
		{872E237A-FC20-4396-8CEE-89A783F12FCE}.Release|Any CPU.Build.0 = Release|x64
		{872E237A-FC20-4396-8CEE-89A783F12FCE}.Debug|Any CPU.ActiveCfg = Debug|x64
		{872E237A-FC20-4396-8CEE-89A783F12FCE}.Debug|Any CPU.Build.0 = Debug|x64
		{A9728FEA-B8B5-4DBD-BF54-85B021A30733}.Release|Any CPU.ActiveCfg = Release|x64
		{A9728FEA-B8B5-4DBD-BF54-85B021A30733}.Release|Any CPU.Build.0 = Release|x64
		{A9728FEA-B8B5-4DBD-BF54-85B021A30733}.Debug|Any CPU.ActiveCfg = Debug|x64
		{A9728FEA-B8B5-4DBD-BF54-85B021A30733}.Debug|Any CPU.Build.0 = Debug|x64
		{42F19127-AE21-442C-8ECE-57EA2D0840A0}.Release|Any CPU.ActiveCfg = Release|x64
		{42F19127-AE21-442C-8ECE-57EA2D0840A0}.Release|Any CPU.Build.0 = Release|x64
		{42F19127-AE21-442C-8ECE-57EA2D0840A0}.Debug|Any CPU.ActiveCfg = Debug|x64
		{42F19127-AE21-442C-8ECE-57EA2D0840A0}.Debug|Any CPU.Build.0 = Debug|x64
		{99CFCC04-E078-4E8E-BA68-0A8A60677661}.Release|Any CPU.ActiveCfg = Release|x64
		{99CFCC04-E078-4E8E-BA68-0A8A60677661}.Release|Any CPU.Build.0 = Release|x64
		{99CFCC04-E078-4E8E-BA68-0A8A60677661}.Debug|Any CPU.ActiveCfg = Debug|x64
		{99CFCC04-E078-4E8E-BA68-0A8A60677661}.Debug|Any CPU.Build.0 = Debug|x64
		{613F12E4-5492-499F-955A-E61801237349}.Release|Any CPU.ActiveCfg = Release|x64
		{613F12E4-5492-499F-955A-E61801237349}.Release|Any CPU.Build.0 = Release|x64
		{613F12E4-5492-499F-955A-E61801237349}.Debug|Any CPU.ActiveCfg = Debug|x64
		{613F12E4-5492-499F-955A-E61801237349}.Debug|Any CPU.Build.0 = Debug|x64
		{92380CDF-883F-4E69-BDFD-C33208F4876A}.Release|Any CPU.ActiveCfg = Release|x64
		{92380CDF-883F-4E69-BDFD-C33208F4876A}.Release|Any CPU.Build.0 = Release|x64
		{92380CDF-883F-4E69-BDFD-C33208F4876A}.Debug|Any CPU.ActiveCfg = Debug|x64
		{92380CDF-883F-4E69-BDFD-C33208F4876A}.Debug|Any CPU.Build.0 = Debug|x64
		{C627DB46-7DB9-42D5-A74E-D0D44C2E1A47}.Release|Any CPU.ActiveCfg = Release|x64
		{C627DB46-7DB9-42D5-A74E-D0D44C2E1A47}.Release|Any CPU.Build.0 = Release|x64
		{C627DB46-7DB9-42D5-A74E-D0D44C2E1A47}.Debug|Any CPU.ActiveCfg = Debug|x64
		{C627DB46-7DB9-42D5-A74E-D0D44C2E1A47}.Debug|Any CPU.Build.0 = Debug|x64
	EndGlobalSection
EndGlobal
